// !$*UTF8*$!
{
	archiveVersion = 1;
	classes = {
	};
	objectVersion = 50;
	objects = {

/* Begin PBXBuildFile section */
		6331E40527F48537001DFB95 /* AppDelegate.m in Sources */ = {isa = PBXBuildFile; fileRef = 6331E40427F48537001DFB95 /* AppDelegate.m */; };
		6331E41027F48539001DFB95 /* Assets.xcassets in Resources */ = {isa = PBXBuildFile; fileRef = 6331E40F27F48539001DFB95 /* Assets.xcassets */; };
		6331E41327F48539001DFB95 /* LaunchScreen.storyboard in Resources */ = {isa = PBXBuildFile; fileRef = 6331E41127F48539001DFB95 /* LaunchScreen.storyboard */; };
		6331E41627F48539001DFB95 /* main.m in Sources */ = {isa = PBXBuildFile; fileRef = 6331E41527F48539001DFB95 /* main.m */; };
		6331E42027F48539001DFB95 /* xAPITests.m in Sources */ = {isa = PBXBuildFile; fileRef = 6331E41F27F48539001DFB95 /* xAPITests.m */; };
		6331E42B27F48539001DFB95 /* xAPIUITests.m in Sources */ = {isa = PBXBuildFile; fileRef = 6331E42A27F48539001DFB95 /* xAPIUITests.m */; };
		63BFB3E927F9BEE000372284 /* xNetworkRequest.m in Sources */ = {isa = PBXBuildFile; fileRef = 63BFB3C727F9BEDF00372284 /* xNetworkRequest.m */; };
		63BFB3EA27F9BEE000372284 /* xNetworkRequest.m in Sources */ = {isa = PBXBuildFile; fileRef = 63BFB3C727F9BEDF00372284 /* xNetworkRequest.m */; };
		63BFB3EB27F9BEE000372284 /* xNetworkRequest.m in Sources */ = {isa = PBXBuildFile; fileRef = 63BFB3C727F9BEDF00372284 /* xNetworkRequest.m */; };
		63BFB3EC27F9BEE000372284 /* xChainNetworkOperation.m in Sources */ = {isa = PBXBuildFile; fileRef = 63BFB3C927F9BEDF00372284 /* xChainNetworkOperation.m */; };
		63BFB3ED27F9BEE000372284 /* xChainNetworkOperation.m in Sources */ = {isa = PBXBuildFile; fileRef = 63BFB3C927F9BEDF00372284 /* xChainNetworkOperation.m */; };
		63BFB3EE27F9BEE000372284 /* xChainNetworkOperation.m in Sources */ = {isa = PBXBuildFile; fileRef = 63BFB3C927F9BEDF00372284 /* xChainNetworkOperation.m */; };
		63BFB3EF27F9BEE000372284 /* xNetworkCache.m in Sources */ = {isa = PBXBuildFile; fileRef = 63BFB3CA27F9BEDF00372284 /* xNetworkCache.m */; };
		63BFB3F027F9BEE000372284 /* xNetworkCache.m in Sources */ = {isa = PBXBuildFile; fileRef = 63BFB3CA27F9BEDF00372284 /* xNetworkCache.m */; };
		63BFB3F127F9BEE000372284 /* xNetworkCache.m in Sources */ = {isa = PBXBuildFile; fileRef = 63BFB3CA27F9BEDF00372284 /* xNetworkCache.m */; };
		63BFB3F227F9BEE000372284 /* xNetworkSub.m in Sources */ = {isa = PBXBuildFile; fileRef = 63BFB3CF27F9BEDF00372284 /* xNetworkSub.m */; };
		63BFB3F327F9BEE000372284 /* xNetworkSub.m in Sources */ = {isa = PBXBuildFile; fileRef = 63BFB3CF27F9BEDF00372284 /* xNetworkSub.m */; };
		63BFB3F427F9BEE000372284 /* xNetworkSub.m in Sources */ = {isa = PBXBuildFile; fileRef = 63BFB3CF27F9BEDF00372284 /* xNetworkSub.m */; };
		63BFB3F527F9BEE000372284 /* xNetworkAsyncOperation.m in Sources */ = {isa = PBXBuildFile; fileRef = 63BFB3D027F9BEDF00372284 /* xNetworkAsyncOperation.m */; };
		63BFB3F627F9BEE000372284 /* xNetworkAsyncOperation.m in Sources */ = {isa = PBXBuildFile; fileRef = 63BFB3D027F9BEDF00372284 /* xNetworkAsyncOperation.m */; };
		63BFB3F727F9BEE000372284 /* xNetworkAsyncOperation.m in Sources */ = {isa = PBXBuildFile; fileRef = 63BFB3D027F9BEDF00372284 /* xNetworkAsyncOperation.m */; };
		63BFB3F827F9BEE000372284 /* xNetworkOperation.m in Sources */ = {isa = PBXBuildFile; fileRef = 63BFB3D627F9BEDF00372284 /* xNetworkOperation.m */; };
		63BFB3F927F9BEE000372284 /* xNetworkOperation.m in Sources */ = {isa = PBXBuildFile; fileRef = 63BFB3D627F9BEDF00372284 /* xNetworkOperation.m */; };
		63BFB3FA27F9BEE000372284 /* xNetworkOperation.m in Sources */ = {isa = PBXBuildFile; fileRef = 63BFB3D627F9BEDF00372284 /* xNetworkOperation.m */; };
		63BFB3FB27F9BEE000372284 /* xBatchNetworkOperation.m in Sources */ = {isa = PBXBuildFile; fileRef = 63BFB3D727F9BEDF00372284 /* xBatchNetworkOperation.m */; };
		63BFB3FC27F9BEE000372284 /* xBatchNetworkOperation.m in Sources */ = {isa = PBXBuildFile; fileRef = 63BFB3D727F9BEDF00372284 /* xBatchNetworkOperation.m */; };
		63BFB3FD27F9BEE000372284 /* xBatchNetworkOperation.m in Sources */ = {isa = PBXBuildFile; fileRef = 63BFB3D727F9BEDF00372284 /* xBatchNetworkOperation.m */; };
		63BFB3FE27F9BEE000372284 /* xRequestType.m in Sources */ = {isa = PBXBuildFile; fileRef = 63BFB3DB27F9BEDF00372284 /* xRequestType.m */; };
		63BFB3FF27F9BEE000372284 /* xRequestType.m in Sources */ = {isa = PBXBuildFile; fileRef = 63BFB3DB27F9BEDF00372284 /* xRequestType.m */; };
		63BFB40027F9BEE000372284 /* xRequestType.m in Sources */ = {isa = PBXBuildFile; fileRef = 63BFB3DB27F9BEDF00372284 /* xRequestType.m */; };
		63BFB40127F9BEE000372284 /* NSURLRequest+xNetwork.m in Sources */ = {isa = PBXBuildFile; fileRef = 63BFB3DC27F9BEDF00372284 /* NSURLRequest+xNetwork.m */; };
		63BFB40227F9BEE000372284 /* NSURLRequest+xNetwork.m in Sources */ = {isa = PBXBuildFile; fileRef = 63BFB3DC27F9BEDF00372284 /* NSURLRequest+xNetwork.m */; };
		63BFB40327F9BEE000372284 /* NSURLRequest+xNetwork.m in Sources */ = {isa = PBXBuildFile; fileRef = 63BFB3DC27F9BEDF00372284 /* NSURLRequest+xNetwork.m */; };
		63BFB40427F9BEE000372284 /* xNetworkResponseValider.m in Sources */ = {isa = PBXBuildFile; fileRef = 63BFB3DD27F9BEDF00372284 /* xNetworkResponseValider.m */; };
		63BFB40527F9BEE000372284 /* xNetworkResponseValider.m in Sources */ = {isa = PBXBuildFile; fileRef = 63BFB3DD27F9BEDF00372284 /* xNetworkResponseValider.m */; };
		63BFB40627F9BEE000372284 /* xNetworkResponseValider.m in Sources */ = {isa = PBXBuildFile; fileRef = 63BFB3DD27F9BEDF00372284 /* xNetworkResponseValider.m */; };
		63BFB40727F9BEE000372284 /* xNetworkAdapter.m in Sources */ = {isa = PBXBuildFile; fileRef = 63BFB3DE27F9BEDF00372284 /* xNetworkAdapter.m */; };
		63BFB40827F9BEE000372284 /* xNetworkAdapter.m in Sources */ = {isa = PBXBuildFile; fileRef = 63BFB3DE27F9BEDF00372284 /* xNetworkAdapter.m */; };
		63BFB40927F9BEE000372284 /* xNetworkAdapter.m in Sources */ = {isa = PBXBuildFile; fileRef = 63BFB3DE27F9BEDF00372284 /* xNetworkAdapter.m */; };
		63BFB40A27F9BEE000372284 /* xNetworkResponse.m in Sources */ = {isa = PBXBuildFile; fileRef = 63BFB3DF27F9BEDF00372284 /* xNetworkResponse.m */; };
		63BFB40B27F9BEE000372284 /* xNetworkResponse.m in Sources */ = {isa = PBXBuildFile; fileRef = 63BFB3DF27F9BEDF00372284 /* xNetworkResponse.m */; };
		63BFB40C27F9BEE000372284 /* xNetworkResponse.m in Sources */ = {isa = PBXBuildFile; fileRef = 63BFB3DF27F9BEDF00372284 /* xNetworkResponse.m */; };
		63BFB40D27F9BEE000372284 /* xNetworkManager.m in Sources */ = {isa = PBXBuildFile; fileRef = 63BFB3E027F9BEDF00372284 /* xNetworkManager.m */; };
		63BFB40E27F9BEE000372284 /* xNetworkManager.m in Sources */ = {isa = PBXBuildFile; fileRef = 63BFB3E027F9BEDF00372284 /* xNetworkManager.m */; };
		63BFB40F27F9BEE000372284 /* xNetworkManager.m in Sources */ = {isa = PBXBuildFile; fileRef = 63BFB3E027F9BEDF00372284 /* xNetworkManager.m */; };
		63BFB41027F9BEE000372284 /* xAPIHelper.m in Sources */ = {isa = PBXBuildFile; fileRef = 63BFB3E327F9BEDF00372284 /* xAPIHelper.m */; };
		63BFB41127F9BEE000372284 /* xAPIHelper.m in Sources */ = {isa = PBXBuildFile; fileRef = 63BFB3E327F9BEDF00372284 /* xAPIHelper.m */; };
		63BFB41227F9BEE000372284 /* xAPIHelper.m in Sources */ = {isa = PBXBuildFile; fileRef = 63BFB3E327F9BEDF00372284 /* xAPIHelper.m */; };
		63BFB41327F9BEE000372284 /* xAPI.m in Sources */ = {isa = PBXBuildFile; fileRef = 63BFB3E827F9BEDF00372284 /* xAPI.m */; };
		63BFB41427F9BEE000372284 /* xAPI.m in Sources */ = {isa = PBXBuildFile; fileRef = 63BFB3E827F9BEDF00372284 /* xAPI.m */; };
		63BFB41527F9BEE000372284 /* xAPI.m in Sources */ = {isa = PBXBuildFile; fileRef = 63BFB3E827F9BEDF00372284 /* xAPI.m */; };
		63BFB41827F9BF6900372284 /* MainViewController.m in Sources */ = {isa = PBXBuildFile; fileRef = 63BFB41627F9BF6900372284 /* MainViewController.m */; };
		63BFB41927F9BF6900372284 /* MainViewController.m in Sources */ = {isa = PBXBuildFile; fileRef = 63BFB41627F9BF6900372284 /* MainViewController.m */; };
		63BFB41A27F9BF6900372284 /* MainViewController.m in Sources */ = {isa = PBXBuildFile; fileRef = 63BFB41627F9BF6900372284 /* MainViewController.m */; };
		8A743CCB3F8596A7C2164B2C /* libPods-xAPITests.a in Frameworks */ = {isa = PBXBuildFile; fileRef = 23EA7ADF47119E3FB22CF885 /* libPods-xAPITests.a */; };
		C2EAFA6EE5F135B51930FABC /* libPods-xAPI.a in Frameworks */ = {isa = PBXBuildFile; fileRef = 308843087DF4495EA32CD978 /* libPods-xAPI.a */; };
/* End PBXBuildFile section */

/* Begin PBXContainerItemProxy section */
		6331E41C27F48539001DFB95 /* PBXContainerItemProxy */ = {
			isa = PBXContainerItemProxy;
			containerPortal = 6331E3F827F48537001DFB95 /* Project object */;
			proxyType = 1;
			remoteGlobalIDString = 6331E3FF27F48537001DFB95;
			remoteInfo = xAPI;
		};
		6331E42727F48539001DFB95 /* PBXContainerItemProxy */ = {
			isa = PBXContainerItemProxy;
			containerPortal = 6331E3F827F48537001DFB95 /* Project object */;
			proxyType = 1;
			remoteGlobalIDString = 6331E3FF27F48537001DFB95;
			remoteInfo = xAPI;
		};
/* End PBXContainerItemProxy section */

/* Begin PBXFileReference section */
		23EA7ADF47119E3FB22CF885 /* libPods-xAPITests.a */ = {isa = PBXFileReference; explicitFileType = archive.ar; includeInIndex = 0; path = "libPods-xAPITests.a"; sourceTree = BUILT_PRODUCTS_DIR; };
		308843087DF4495EA32CD978 /* libPods-xAPI.a */ = {isa = PBXFileReference; explicitFileType = archive.ar; includeInIndex = 0; path = "libPods-xAPI.a"; sourceTree = BUILT_PRODUCTS_DIR; };
		6331E40027F48537001DFB95 /* xAPI.app */ = {isa = PBXFileReference; explicitFileType = wrapper.application; includeInIndex = 0; path = xAPI.app; sourceTree = BUILT_PRODUCTS_DIR; };
		6331E40327F48537001DFB95 /* AppDelegate.h */ = {isa = PBXFileReference; lastKnownFileType = sourcecode.c.h; path = AppDelegate.h; sourceTree = "<group>"; };
		6331E40427F48537001DFB95 /* AppDelegate.m */ = {isa = PBXFileReference; lastKnownFileType = sourcecode.c.objc; path = AppDelegate.m; sourceTree = "<group>"; };
		6331E40F27F48539001DFB95 /* Assets.xcassets */ = {isa = PBXFileReference; lastKnownFileType = folder.assetcatalog; path = Assets.xcassets; sourceTree = "<group>"; };
		6331E41227F48539001DFB95 /* Base */ = {isa = PBXFileReference; lastKnownFileType = file.storyboard; name = Base; path = Base.lproj/LaunchScreen.storyboard; sourceTree = "<group>"; };
		6331E41427F48539001DFB95 /* Info.plist */ = {isa = PBXFileReference; lastKnownFileType = text.plist.xml; path = Info.plist; sourceTree = "<group>"; };
		6331E41527F48539001DFB95 /* main.m */ = {isa = PBXFileReference; lastKnownFileType = sourcecode.c.objc; path = main.m; sourceTree = "<group>"; };
		6331E41B27F48539001DFB95 /* xAPITests.xctest */ = {isa = PBXFileReference; explicitFileType = wrapper.cfbundle; includeInIndex = 0; path = xAPITests.xctest; sourceTree = BUILT_PRODUCTS_DIR; };
		6331E41F27F48539001DFB95 /* xAPITests.m */ = {isa = PBXFileReference; lastKnownFileType = sourcecode.c.objc; path = xAPITests.m; sourceTree = "<group>"; };
		6331E42127F48539001DFB95 /* Info.plist */ = {isa = PBXFileReference; lastKnownFileType = text.plist.xml; path = Info.plist; sourceTree = "<group>"; };
		6331E42627F48539001DFB95 /* xAPIUITests.xctest */ = {isa = PBXFileReference; explicitFileType = wrapper.cfbundle; includeInIndex = 0; path = xAPIUITests.xctest; sourceTree = BUILT_PRODUCTS_DIR; };
		6331E42A27F48539001DFB95 /* xAPIUITests.m */ = {isa = PBXFileReference; lastKnownFileType = sourcecode.c.objc; path = xAPIUITests.m; sourceTree = "<group>"; };
		6331E42C27F48539001DFB95 /* Info.plist */ = {isa = PBXFileReference; lastKnownFileType = text.plist.xml; path = Info.plist; sourceTree = "<group>"; };
		6331E43827F4877D001DFB95 /* config.xcconfig */ = {isa = PBXFileReference; lastKnownFileType = text.xcconfig; path = config.xcconfig; sourceTree = "<group>"; };
		6331E44927F49DE9001DFB95 /* CHANGELOG.md */ = {isa = PBXFileReference; lastKnownFileType = net.daringfireball.markdown; path = CHANGELOG.md; sourceTree = "<group>"; };
		6331E44A27F49DE9001DFB95 /* README.md */ = {isa = PBXFileReference; lastKnownFileType = net.daringfireball.markdown; path = README.md; sourceTree = "<group>"; };
		6331E44B27F49DE9001DFB95 /* xAPI.podspec */ = {isa = PBXFileReference; lastKnownFileType = text; path = xAPI.podspec; sourceTree = "<group>"; };
		63BFB3C527F9BEDF00372284 /* xBatchNetworkOperation.h */ = {isa = PBXFileReference; fileEncoding = 4; lastKnownFileType = sourcecode.c.h; path = xBatchNetworkOperation.h; sourceTree = "<group>"; };
		63BFB3C627F9BEDF00372284 /* xNetworkOperation.h */ = {isa = PBXFileReference; fileEncoding = 4; lastKnownFileType = sourcecode.c.h; path = xNetworkOperation.h; sourceTree = "<group>"; };
		63BFB3C727F9BEDF00372284 /* xNetworkRequest.m */ = {isa = PBXFileReference; fileEncoding = 4; lastKnownFileType = sourcecode.c.objc; path = xNetworkRequest.m; sourceTree = "<group>"; };
		63BFB3C827F9BEDF00372284 /* xRequestConvertable.h */ = {isa = PBXFileReference; fileEncoding = 4; lastKnownFileType = sourcecode.c.h; path = xRequestConvertable.h; sourceTree = "<group>"; };
		63BFB3C927F9BEDF00372284 /* xChainNetworkOperation.m */ = {isa = PBXFileReference; fileEncoding = 4; lastKnownFileType = sourcecode.c.objc; path = xChainNetworkOperation.m; sourceTree = "<group>"; };
		63BFB3CA27F9BEDF00372284 /* xNetworkCache.m */ = {isa = PBXFileReference; fileEncoding = 4; lastKnownFileType = sourcecode.c.objc; path = xNetworkCache.m; sourceTree = "<group>"; };
		63BFB3CB27F9BEDF00372284 /* xNetworkResponseValider.h */ = {isa = PBXFileReference; fileEncoding = 4; lastKnownFileType = sourcecode.c.h; path = xNetworkResponseValider.h; sourceTree = "<group>"; };
		63BFB3CC27F9BEDF00372284 /* NSURLRequest+xNetwork.h */ = {isa = PBXFileReference; fileEncoding = 4; lastKnownFileType = sourcecode.c.h; path = "NSURLRequest+xNetwork.h"; sourceTree = "<group>"; };
		63BFB3CD27F9BEDF00372284 /* xNetwork.h */ = {isa = PBXFileReference; fileEncoding = 4; lastKnownFileType = sourcecode.c.h; path = xNetwork.h; sourceTree = "<group>"; };
		63BFB3CE27F9BEDF00372284 /* xRequestType.h */ = {isa = PBXFileReference; fileEncoding = 4; lastKnownFileType = sourcecode.c.h; path = xRequestType.h; sourceTree = "<group>"; };
		63BFB3CF27F9BEDF00372284 /* xNetworkSub.m */ = {isa = PBXFileReference; fileEncoding = 4; lastKnownFileType = sourcecode.c.objc; path = xNetworkSub.m; sourceTree = "<group>"; };
		63BFB3D027F9BEDF00372284 /* xNetworkAsyncOperation.m */ = {isa = PBXFileReference; fileEncoding = 4; lastKnownFileType = sourcecode.c.objc; path = xNetworkAsyncOperation.m; sourceTree = "<group>"; };
		63BFB3D127F9BEDF00372284 /* xNetworkAdapter.h */ = {isa = PBXFileReference; fileEncoding = 4; lastKnownFileType = sourcecode.c.h; path = xNetworkAdapter.h; sourceTree = "<group>"; };
		63BFB3D227F9BEDF00372284 /* xNetworkResponse.h */ = {isa = PBXFileReference; fileEncoding = 4; lastKnownFileType = sourcecode.c.h; path = xNetworkResponse.h; sourceTree = "<group>"; };
		63BFB3D327F9BEDF00372284 /* xNetworkManager.h */ = {isa = PBXFileReference; fileEncoding = 4; lastKnownFileType = sourcecode.c.h; path = xNetworkManager.h; sourceTree = "<group>"; };
		63BFB3D427F9BEDF00372284 /* xNetworkPlugin.h */ = {isa = PBXFileReference; fileEncoding = 4; lastKnownFileType = sourcecode.c.h; path = xNetworkPlugin.h; sourceTree = "<group>"; };
		63BFB3D527F9BEDF00372284 /* xNetworkRequest.h */ = {isa = PBXFileReference; fileEncoding = 4; lastKnownFileType = sourcecode.c.h; path = xNetworkRequest.h; sourceTree = "<group>"; };
		63BFB3D627F9BEDF00372284 /* xNetworkOperation.m */ = {isa = PBXFileReference; fileEncoding = 4; lastKnownFileType = sourcecode.c.objc; path = xNetworkOperation.m; sourceTree = "<group>"; };
		63BFB3D727F9BEDF00372284 /* xBatchNetworkOperation.m */ = {isa = PBXFileReference; fileEncoding = 4; lastKnownFileType = sourcecode.c.objc; path = xBatchNetworkOperation.m; sourceTree = "<group>"; };
		63BFB3D827F9BEDF00372284 /* xNetworkCache.h */ = {isa = PBXFileReference; fileEncoding = 4; lastKnownFileType = sourcecode.c.h; path = xNetworkCache.h; sourceTree = "<group>"; };
		63BFB3D927F9BEDF00372284 /* xChainNetworkOperation.h */ = {isa = PBXFileReference; fileEncoding = 4; lastKnownFileType = sourcecode.c.h; path = xChainNetworkOperation.h; sourceTree = "<group>"; };
		63BFB3DA27F9BEDF00372284 /* xNetworkSub.h */ = {isa = PBXFileReference; fileEncoding = 4; lastKnownFileType = sourcecode.c.h; path = xNetworkSub.h; sourceTree = "<group>"; };
		63BFB3DB27F9BEDF00372284 /* xRequestType.m */ = {isa = PBXFileReference; fileEncoding = 4; lastKnownFileType = sourcecode.c.objc; path = xRequestType.m; sourceTree = "<group>"; };
		63BFB3DC27F9BEDF00372284 /* NSURLRequest+xNetwork.m */ = {isa = PBXFileReference; fileEncoding = 4; lastKnownFileType = sourcecode.c.objc; path = "NSURLRequest+xNetwork.m"; sourceTree = "<group>"; };
		63BFB3DD27F9BEDF00372284 /* xNetworkResponseValider.m */ = {isa = PBXFileReference; fileEncoding = 4; lastKnownFileType = sourcecode.c.objc; path = xNetworkResponseValider.m; sourceTree = "<group>"; };
		63BFB3DE27F9BEDF00372284 /* xNetworkAdapter.m */ = {isa = PBXFileReference; fileEncoding = 4; lastKnownFileType = sourcecode.c.objc; path = xNetworkAdapter.m; sourceTree = "<group>"; };
		63BFB3DF27F9BEDF00372284 /* xNetworkResponse.m */ = {isa = PBXFileReference; fileEncoding = 4; lastKnownFileType = sourcecode.c.objc; path = xNetworkResponse.m; sourceTree = "<group>"; };
		63BFB3E027F9BEDF00372284 /* xNetworkManager.m */ = {isa = PBXFileReference; fileEncoding = 4; lastKnownFileType = sourcecode.c.objc; path = xNetworkManager.m; sourceTree = "<group>"; };
		63BFB3E127F9BEDF00372284 /* xNetworkAsyncOperation.h */ = {isa = PBXFileReference; fileEncoding = 4; lastKnownFileType = sourcecode.c.h; path = xNetworkAsyncOperation.h; sourceTree = "<group>"; };
		63BFB3E327F9BEDF00372284 /* xAPIHelper.m */ = {isa = PBXFileReference; fileEncoding = 4; lastKnownFileType = sourcecode.c.objc; path = xAPIHelper.m; sourceTree = "<group>"; };
		63BFB3E427F9BEDF00372284 /* xAPIDepends.h */ = {isa = PBXFileReference; fileEncoding = 4; lastKnownFileType = sourcecode.c.h; path = xAPIDepends.h; sourceTree = "<group>"; };
		63BFB3E527F9BEDF00372284 /* xAPIHelper.h */ = {isa = PBXFileReference; fileEncoding = 4; lastKnownFileType = sourcecode.c.h; path = xAPIHelper.h; sourceTree = "<group>"; };
		63BFB3E727F9BEDF00372284 /* xAPI.h */ = {isa = PBXFileReference; fileEncoding = 4; lastKnownFileType = sourcecode.c.h; path = xAPI.h; sourceTree = "<group>"; };
		63BFB3E827F9BEDF00372284 /* xAPI.m */ = {isa = PBXFileReference; fileEncoding = 4; lastKnownFileType = sourcecode.c.objc; path = xAPI.m; sourceTree = "<group>"; };
		63BFB41627F9BF6900372284 /* MainViewController.m */ = {isa = PBXFileReference; fileEncoding = 4; lastKnownFileType = sourcecode.c.objc; path = MainViewController.m; sourceTree = "<group>"; };
		63BFB41727F9BF6900372284 /* MainViewController.h */ = {isa = PBXFileReference; fileEncoding = 4; lastKnownFileType = sourcecode.c.h; path = MainViewController.h; sourceTree = "<group>"; };
		7AD158748734313C8F1986EE /* Pods-xAPITests.release.xcconfig */ = {isa = PBXFileReference; includeInIndex = 1; lastKnownFileType = text.xcconfig; name = "Pods-xAPITests.release.xcconfig"; path = "Target Support Files/Pods-xAPITests/Pods-xAPITests.release.xcconfig"; sourceTree = "<group>"; };
		865B400C5507695983FA27AF /* Pods-xAPI.release.xcconfig */ = {isa = PBXFileReference; includeInIndex = 1; lastKnownFileType = text.xcconfig; name = "Pods-xAPI.release.xcconfig"; path = "Target Support Files/Pods-xAPI/Pods-xAPI.release.xcconfig"; sourceTree = "<group>"; };
		DE5FD015C28A3003F6F1E72B /* Pods-xAPITests.debug.xcconfig */ = {isa = PBXFileReference; includeInIndex = 1; lastKnownFileType = text.xcconfig; name = "Pods-xAPITests.debug.xcconfig"; path = "Target Support Files/Pods-xAPITests/Pods-xAPITests.debug.xcconfig"; sourceTree = "<group>"; };
		E1E7A4D514449470B397CECA /* Pods-xAPI.debug.xcconfig */ = {isa = PBXFileReference; includeInIndex = 1; lastKnownFileType = text.xcconfig; name = "Pods-xAPI.debug.xcconfig"; path = "Target Support Files/Pods-xAPI/Pods-xAPI.debug.xcconfig"; sourceTree = "<group>"; };
/* End PBXFileReference section */

/* Begin PBXFrameworksBuildPhase section */
		6331E3FD27F48537001DFB95 /* Frameworks */ = {
			isa = PBXFrameworksBuildPhase;
			buildActionMask = 2147483647;
			files = (
				C2EAFA6EE5F135B51930FABC /* libPods-xAPI.a in Frameworks */,
			);
			runOnlyForDeploymentPostprocessing = 0;
		};
		6331E41827F48539001DFB95 /* Frameworks */ = {
			isa = PBXFrameworksBuildPhase;
			buildActionMask = 2147483647;
			files = (
				8A743CCB3F8596A7C2164B2C /* libPods-xAPITests.a in Frameworks */,
			);
			runOnlyForDeploymentPostprocessing = 0;
		};
		6331E42327F48539001DFB95 /* Frameworks */ = {
			isa = PBXFrameworksBuildPhase;
			buildActionMask = 2147483647;
			files = (
			);
			runOnlyForDeploymentPostprocessing = 0;
		};
/* End PBXFrameworksBuildPhase section */

/* Begin PBXGroup section */
		599DB63D77CE5C2CC0AB69EA /* Frameworks */ = {
			isa = PBXGroup;
			children = (
				308843087DF4495EA32CD978 /* libPods-xAPI.a */,
				23EA7ADF47119E3FB22CF885 /* libPods-xAPITests.a */,
			);
			name = Frameworks;
			sourceTree = "<group>";
		};
		6331E3F727F48537001DFB95 = {
			isa = PBXGroup;
			children = (
				6331E44927F49DE9001DFB95 /* CHANGELOG.md */,
				6331E44A27F49DE9001DFB95 /* README.md */,
				6331E44B27F49DE9001DFB95 /* xAPI.podspec */,
				6331E43827F4877D001DFB95 /* config.xcconfig */,
				63BFB3C227F9BEBA00372284 /* Source */,
				6331E40227F48537001DFB95 /* xAPI */,
				6331E41E27F48539001DFB95 /* xAPITests */,
				6331E42927F48539001DFB95 /* xAPIUITests */,
				6331E40127F48537001DFB95 /* Products */,
				FD0C41C1FCB43C945C769FF3 /* Pods */,
				599DB63D77CE5C2CC0AB69EA /* Frameworks */,
			);
			sourceTree = "<group>";
		};
		6331E40127F48537001DFB95 /* Products */ = {
			isa = PBXGroup;
			children = (
				6331E40027F48537001DFB95 /* xAPI.app */,
				6331E41B27F48539001DFB95 /* xAPITests.xctest */,
				6331E42627F48539001DFB95 /* xAPIUITests.xctest */,
			);
			name = Products;
			sourceTree = "<group>";
		};
		6331E40227F48537001DFB95 /* xAPI */ = {
			isa = PBXGroup;
			children = (
				63BFB41727F9BF6900372284 /* MainViewController.h */,
				63BFB41627F9BF6900372284 /* MainViewController.m */,
				6331E40327F48537001DFB95 /* AppDelegate.h */,
				6331E40427F48537001DFB95 /* AppDelegate.m */,
				6331E40F27F48539001DFB95 /* Assets.xcassets */,
				6331E41127F48539001DFB95 /* LaunchScreen.storyboard */,
				6331E41427F48539001DFB95 /* Info.plist */,
				6331E41527F48539001DFB95 /* main.m */,
			);
			path = xAPI;
			sourceTree = "<group>";
		};
		6331E41E27F48539001DFB95 /* xAPITests */ = {
			isa = PBXGroup;
			children = (
				6331E41F27F48539001DFB95 /* xAPITests.m */,
				6331E42127F48539001DFB95 /* Info.plist */,
			);
			path = xAPITests;
			sourceTree = "<group>";
		};
		6331E42927F48539001DFB95 /* xAPIUITests */ = {
			isa = PBXGroup;
			children = (
				6331E42A27F48539001DFB95 /* xAPIUITests.m */,
				6331E42C27F48539001DFB95 /* Info.plist */,
			);
			path = xAPIUITests;
			sourceTree = "<group>";
		};
		63BFB3C227F9BEBA00372284 /* Source */ = {
			isa = PBXGroup;
			children = (
				63BFB3C327F9BEDF00372284 /* Classes */,
			);
			path = Source;
			sourceTree = "<group>";
		};
		63BFB3C327F9BEDF00372284 /* Classes */ = {
			isa = PBXGroup;
			children = (
				63BFB3C427F9BEDF00372284 /* Network */,
				63BFB3E227F9BEDF00372284 /* Helpers */,
				63BFB3E627F9BEDF00372284 /* Services */,
			);
			path = Classes;
			sourceTree = "<group>";
		};
		63BFB3C427F9BEDF00372284 /* Network */ = {
			isa = PBXGroup;
			children = (
				63BFB3CC27F9BEDF00372284 /* NSURLRequest+xNetwork.h */,
				63BFB3DC27F9BEDF00372284 /* NSURLRequest+xNetwork.m */,
				63BFB3C527F9BEDF00372284 /* xBatchNetworkOperation.h */,
				63BFB3D727F9BEDF00372284 /* xBatchNetworkOperation.m */,
				63BFB3D927F9BEDF00372284 /* xChainNetworkOperation.h */,
				63BFB3C927F9BEDF00372284 /* xChainNetworkOperation.m */,
				63BFB3CD27F9BEDF00372284 /* xNetwork.h */,
				63BFB3D127F9BEDF00372284 /* xNetworkAdapter.h */,
				63BFB3DE27F9BEDF00372284 /* xNetworkAdapter.m */,
				63BFB3E127F9BEDF00372284 /* xNetworkAsyncOperation.h */,
				63BFB3D027F9BEDF00372284 /* xNetworkAsyncOperation.m */,
				63BFB3D827F9BEDF00372284 /* xNetworkCache.h */,
				63BFB3CA27F9BEDF00372284 /* xNetworkCache.m */,
				63BFB3D327F9BEDF00372284 /* xNetworkManager.h */,
				63BFB3E027F9BEDF00372284 /* xNetworkManager.m */,
				63BFB3C627F9BEDF00372284 /* xNetworkOperation.h */,
				63BFB3D627F9BEDF00372284 /* xNetworkOperation.m */,
				63BFB3D427F9BEDF00372284 /* xNetworkPlugin.h */,
				63BFB3D527F9BEDF00372284 /* xNetworkRequest.h */,
				63BFB3C727F9BEDF00372284 /* xNetworkRequest.m */,
				63BFB3D227F9BEDF00372284 /* xNetworkResponse.h */,
				63BFB3DF27F9BEDF00372284 /* xNetworkResponse.m */,
				63BFB3CB27F9BEDF00372284 /* xNetworkResponseValider.h */,
				63BFB3DD27F9BEDF00372284 /* xNetworkResponseValider.m */,
				63BFB3DA27F9BEDF00372284 /* xNetworkSub.h */,
				63BFB3CF27F9BEDF00372284 /* xNetworkSub.m */,
				63BFB3C827F9BEDF00372284 /* xRequestConvertable.h */,
				63BFB3CE27F9BEDF00372284 /* xRequestType.h */,
				63BFB3DB27F9BEDF00372284 /* xRequestType.m */,
			);
			path = Network;
			sourceTree = "<group>";
		};
		63BFB3E227F9BEDF00372284 /* Helpers */ = {
			isa = PBXGroup;
			children = (
				63BFB3E327F9BEDF00372284 /* xAPIHelper.m */,
				63BFB3E427F9BEDF00372284 /* xAPIDepends.h */,
				63BFB3E527F9BEDF00372284 /* xAPIHelper.h */,
			);
			path = Helpers;
			sourceTree = "<group>";
		};
		63BFB3E627F9BEDF00372284 /* Services */ = {
			isa = PBXGroup;
			children = (
				63BFB3E727F9BEDF00372284 /* xAPI.h */,
				63BFB3E827F9BEDF00372284 /* xAPI.m */,
			);
			path = Services;
			sourceTree = "<group>";
		};
		FD0C41C1FCB43C945C769FF3 /* Pods */ = {
			isa = PBXGroup;
			children = (
				E1E7A4D514449470B397CECA /* Pods-xAPI.debug.xcconfig */,
				865B400C5507695983FA27AF /* Pods-xAPI.release.xcconfig */,
				DE5FD015C28A3003F6F1E72B /* Pods-xAPITests.debug.xcconfig */,
				7AD158748734313C8F1986EE /* Pods-xAPITests.release.xcconfig */,
			);
			path = Pods;
			sourceTree = "<group>";
		};
/* End PBXGroup section */

/* Begin PBXNativeTarget section */
		6331E3FF27F48537001DFB95 /* xAPI */ = {
			isa = PBXNativeTarget;
			buildConfigurationList = 6331E42F27F48539001DFB95 /* Build configuration list for PBXNativeTarget "xAPI" */;
			buildPhases = (
				4ADB50E4A7B4D293F5371E5E /* [CP] Check Pods Manifest.lock */,
				6331E3FC27F48537001DFB95 /* Sources */,
				6331E3FD27F48537001DFB95 /* Frameworks */,
				6331E3FE27F48537001DFB95 /* Resources */,
			);
			buildRules = (
			);
			dependencies = (
			);
			name = xAPI;
			productName = xAPI;
			productReference = 6331E40027F48537001DFB95 /* xAPI.app */;
			productType = "com.apple.product-type.application";
		};
		6331E41A27F48539001DFB95 /* xAPITests */ = {
			isa = PBXNativeTarget;
			buildConfigurationList = 6331E43227F48539001DFB95 /* Build configuration list for PBXNativeTarget "xAPITests" */;
			buildPhases = (
				5AD6CC5581C70F94A687B9EB /* [CP] Check Pods Manifest.lock */,
				6331E41727F48539001DFB95 /* Sources */,
				6331E41827F48539001DFB95 /* Frameworks */,
				6331E41927F48539001DFB95 /* Resources */,
			);
			buildRules = (
			);
			dependencies = (
				6331E41D27F48539001DFB95 /* PBXTargetDependency */,
			);
			name = xAPITests;
			productName = xAPITests;
			productReference = 6331E41B27F48539001DFB95 /* xAPITests.xctest */;
			productType = "com.apple.product-type.bundle.unit-test";
		};
		6331E42527F48539001DFB95 /* xAPIUITests */ = {
			isa = PBXNativeTarget;
			buildConfigurationList = 6331E43527F48539001DFB95 /* Build configuration list for PBXNativeTarget "xAPIUITests" */;
			buildPhases = (
				6331E42227F48539001DFB95 /* Sources */,
				6331E42327F48539001DFB95 /* Frameworks */,
				6331E42427F48539001DFB95 /* Resources */,
			);
			buildRules = (
			);
			dependencies = (
				6331E42827F48539001DFB95 /* PBXTargetDependency */,
			);
			name = xAPIUITests;
			productName = xAPIUITests;
			productReference = 6331E42627F48539001DFB95 /* xAPIUITests.xctest */;
			productType = "com.apple.product-type.bundle.ui-testing";
		};
/* End PBXNativeTarget section */

/* Begin PBXProject section */
		6331E3F827F48537001DFB95 /* Project object */ = {
			isa = PBXProject;
			attributes = {
				LastUpgradeCheck = 1250;
				TargetAttributes = {
					6331E3FF27F48537001DFB95 = {
						CreatedOnToolsVersion = 12.5.1;
					};
					6331E41A27F48539001DFB95 = {
						CreatedOnToolsVersion = 12.5.1;
						TestTargetID = 6331E3FF27F48537001DFB95;
					};
					6331E42527F48539001DFB95 = {
						CreatedOnToolsVersion = 12.5.1;
						TestTargetID = 6331E3FF27F48537001DFB95;
					};
				};
			};
			buildConfigurationList = 6331E3FB27F48537001DFB95 /* Build configuration list for PBXProject "xAPI" */;
			compatibilityVersion = "Xcode 9.3";
			developmentRegion = en;
			hasScannedForEncodings = 0;
			knownRegions = (
				en,
				Base,
			);
			mainGroup = 6331E3F727F48537001DFB95;
			productRefGroup = 6331E40127F48537001DFB95 /* Products */;
			projectDirPath = "";
			projectRoot = "";
			targets = (
				6331E3FF27F48537001DFB95 /* xAPI */,
				6331E41A27F48539001DFB95 /* xAPITests */,
				6331E42527F48539001DFB95 /* xAPIUITests */,
			);
		};
/* End PBXProject section */

/* Begin PBXResourcesBuildPhase section */
		6331E3FE27F48537001DFB95 /* Resources */ = {
			isa = PBXResourcesBuildPhase;
			buildActionMask = 2147483647;
			files = (
				6331E41327F48539001DFB95 /* LaunchScreen.storyboard in Resources */,
				6331E41027F48539001DFB95 /* Assets.xcassets in Resources */,
			);
			runOnlyForDeploymentPostprocessing = 0;
		};
		6331E41927F48539001DFB95 /* Resources */ = {
			isa = PBXResourcesBuildPhase;
			buildActionMask = 2147483647;
			files = (
			);
			runOnlyForDeploymentPostprocessing = 0;
		};
		6331E42427F48539001DFB95 /* Resources */ = {
			isa = PBXResourcesBuildPhase;
			buildActionMask = 2147483647;
			files = (
			);
			runOnlyForDeploymentPostprocessing = 0;
		};
/* End PBXResourcesBuildPhase section */

/* Begin PBXShellScriptBuildPhase section */
		4ADB50E4A7B4D293F5371E5E /* [CP] Check Pods Manifest.lock */ = {
			isa = PBXShellScriptBuildPhase;
			buildActionMask = 2147483647;
			files = (
			);
			inputFileListPaths = (
			);
			inputPaths = (
				"${PODS_PODFILE_DIR_PATH}/Podfile.lock",
				"${PODS_ROOT}/Manifest.lock",
			);
			name = "[CP] Check Pods Manifest.lock";
			outputFileListPaths = (
			);
			outputPaths = (
				"$(DERIVED_FILE_DIR)/Pods-xAPI-checkManifestLockResult.txt",
			);
			runOnlyForDeploymentPostprocessing = 0;
			shellPath = /bin/sh;
			shellScript = "diff \"${PODS_PODFILE_DIR_PATH}/Podfile.lock\" \"${PODS_ROOT}/Manifest.lock\" > /dev/null\nif [ $? != 0 ] ; then\n    # print error to STDERR\n    echo \"error: The sandbox is not in sync with the Podfile.lock. Run 'pod install' or update your CocoaPods installation.\" >&2\n    exit 1\nfi\n# This output is used by Xcode 'outputs' to avoid re-running this script phase.\necho \"SUCCESS\" > \"${SCRIPT_OUTPUT_FILE_0}\"\n";
			showEnvVarsInLog = 0;
		};
		5AD6CC5581C70F94A687B9EB /* [CP] Check Pods Manifest.lock */ = {
			isa = PBXShellScriptBuildPhase;
			buildActionMask = 2147483647;
			files = (
			);
			inputFileListPaths = (
			);
			inputPaths = (
				"${PODS_PODFILE_DIR_PATH}/Podfile.lock",
				"${PODS_ROOT}/Manifest.lock",
			);
			name = "[CP] Check Pods Manifest.lock";
			outputFileListPaths = (
			);
			outputPaths = (
				"$(DERIVED_FILE_DIR)/Pods-xAPITests-checkManifestLockResult.txt",
			);
			runOnlyForDeploymentPostprocessing = 0;
			shellPath = /bin/sh;
			shellScript = "diff \"${PODS_PODFILE_DIR_PATH}/Podfile.lock\" \"${PODS_ROOT}/Manifest.lock\" > /dev/null\nif [ $? != 0 ] ; then\n    # print error to STDERR\n    echo \"error: The sandbox is not in sync with the Podfile.lock. Run 'pod install' or update your CocoaPods installation.\" >&2\n    exit 1\nfi\n# This output is used by Xcode 'outputs' to avoid re-running this script phase.\necho \"SUCCESS\" > \"${SCRIPT_OUTPUT_FILE_0}\"\n";
			showEnvVarsInLog = 0;
		};
/* End PBXShellScriptBuildPhase section */

/* Begin PBXSourcesBuildPhase section */
		6331E3FC27F48537001DFB95 /* Sources */ = {
			isa = PBXSourcesBuildPhase;
			buildActionMask = 2147483647;
			files = (
				63BFB41327F9BEE000372284 /* xAPI.m in Sources */,
				63BFB3F227F9BEE000372284 /* xNetworkSub.m in Sources */,
				63BFB3F827F9BEE000372284 /* xNetworkOperation.m in Sources */,
				63BFB40427F9BEE000372284 /* xNetworkResponseValider.m in Sources */,
				63BFB41027F9BEE000372284 /* xAPIHelper.m in Sources */,
				63BFB41827F9BF6900372284 /* MainViewController.m in Sources */,
				63BFB40D27F9BEE000372284 /* xNetworkManager.m in Sources */,
				63BFB40727F9BEE000372284 /* xNetworkAdapter.m in Sources */,
				63BFB3FB27F9BEE000372284 /* xBatchNetworkOperation.m in Sources */,
				63BFB3EC27F9BEE000372284 /* xChainNetworkOperation.m in Sources */,
				63BFB3FE27F9BEE000372284 /* xRequestType.m in Sources */,
				63BFB40A27F9BEE000372284 /* xNetworkResponse.m in Sources */,
				6331E40527F48537001DFB95 /* AppDelegate.m in Sources */,
				63BFB40127F9BEE000372284 /* NSURLRequest+xNetwork.m in Sources */,
				63BFB3E927F9BEE000372284 /* xNetworkRequest.m in Sources */,
				6331E41627F48539001DFB95 /* main.m in Sources */,
				63BFB3EF27F9BEE000372284 /* xNetworkCache.m in Sources */,
				63BFB3F527F9BEE000372284 /* xNetworkAsyncOperation.m in Sources */,
			);
			runOnlyForDeploymentPostprocessing = 0;
		};
		6331E41727F48539001DFB95 /* Sources */ = {
			isa = PBXSourcesBuildPhase;
			buildActionMask = 2147483647;
			files = (
				63BFB3ED27F9BEE000372284 /* xChainNetworkOperation.m in Sources */,
				63BFB3F927F9BEE000372284 /* xNetworkOperation.m in Sources */,
				63BFB40827F9BEE000372284 /* xNetworkAdapter.m in Sources */,
				63BFB3EA27F9BEE000372284 /* xNetworkRequest.m in Sources */,
				63BFB41127F9BEE000372284 /* xAPIHelper.m in Sources */,
				63BFB40227F9BEE000372284 /* NSURLRequest+xNetwork.m in Sources */,
				63BFB3FF27F9BEE000372284 /* xRequestType.m in Sources */,
				63BFB41927F9BF6900372284 /* MainViewController.m in Sources */,
				63BFB3FC27F9BEE000372284 /* xBatchNetworkOperation.m in Sources */,
				6331E42027F48539001DFB95 /* xAPITests.m in Sources */,
				63BFB40E27F9BEE000372284 /* xNetworkManager.m in Sources */,
				63BFB3F627F9BEE000372284 /* xNetworkAsyncOperation.m in Sources */,
				63BFB40527F9BEE000372284 /* xNetworkResponseValider.m in Sources */,
				63BFB3F327F9BEE000372284 /* xNetworkSub.m in Sources */,
				63BFB40B27F9BEE000372284 /* xNetworkResponse.m in Sources */,
				63BFB41427F9BEE000372284 /* xAPI.m in Sources */,
				63BFB3F027F9BEE000372284 /* xNetworkCache.m in Sources */,
			);
			runOnlyForDeploymentPostprocessing = 0;
		};
		6331E42227F48539001DFB95 /* Sources */ = {
			isa = PBXSourcesBuildPhase;
			buildActionMask = 2147483647;
			files = (
				63BFB3EE27F9BEE000372284 /* xChainNetworkOperation.m in Sources */,
				63BFB3FA27F9BEE000372284 /* xNetworkOperation.m in Sources */,
				63BFB40927F9BEE000372284 /* xNetworkAdapter.m in Sources */,
				63BFB3EB27F9BEE000372284 /* xNetworkRequest.m in Sources */,
				63BFB41227F9BEE000372284 /* xAPIHelper.m in Sources */,
				63BFB40327F9BEE000372284 /* NSURLRequest+xNetwork.m in Sources */,
				63BFB40027F9BEE000372284 /* xRequestType.m in Sources */,
				63BFB41A27F9BF6900372284 /* MainViewController.m in Sources */,
				63BFB3FD27F9BEE000372284 /* xBatchNetworkOperation.m in Sources */,
				6331E42B27F48539001DFB95 /* xAPIUITests.m in Sources */,
				63BFB40F27F9BEE000372284 /* xNetworkManager.m in Sources */,
				63BFB3F727F9BEE000372284 /* xNetworkAsyncOperation.m in Sources */,
				63BFB40627F9BEE000372284 /* xNetworkResponseValider.m in Sources */,
				63BFB3F427F9BEE000372284 /* xNetworkSub.m in Sources */,
				63BFB40C27F9BEE000372284 /* xNetworkResponse.m in Sources */,
				63BFB41527F9BEE000372284 /* xAPI.m in Sources */,
				63BFB3F127F9BEE000372284 /* xNetworkCache.m in Sources */,
			);
			runOnlyForDeploymentPostprocessing = 0;
		};
/* End PBXSourcesBuildPhase section */

/* Begin PBXTargetDependency section */
		6331E41D27F48539001DFB95 /* PBXTargetDependency */ = {
			isa = PBXTargetDependency;
			target = 6331E3FF27F48537001DFB95 /* xAPI */;
			targetProxy = 6331E41C27F48539001DFB95 /* PBXContainerItemProxy */;
		};
		6331E42827F48539001DFB95 /* PBXTargetDependency */ = {
			isa = PBXTargetDependency;
			target = 6331E3FF27F48537001DFB95 /* xAPI */;
			targetProxy = 6331E42727F48539001DFB95 /* PBXContainerItemProxy */;
		};
/* End PBXTargetDependency section */

/* Begin PBXVariantGroup section */
		6331E41127F48539001DFB95 /* LaunchScreen.storyboard */ = {
			isa = PBXVariantGroup;
			children = (
				6331E41227F48539001DFB95 /* Base */,
			);
			name = LaunchScreen.storyboard;
			sourceTree = "<group>";
		};
/* End PBXVariantGroup section */

/* Begin XCBuildConfiguration section */
		6331E42D27F48539001DFB95 /* Debug */ = {
			isa = XCBuildConfiguration;
			baseConfigurationReference = 6331E43827F4877D001DFB95 /* config.xcconfig */;
			buildSettings = {
				ALWAYS_SEARCH_USER_PATHS = NO;
				CLANG_ANALYZER_NONNULL = YES;
				CLANG_ANALYZER_NUMBER_OBJECT_CONVERSION = YES_AGGRESSIVE;
				CLANG_CXX_LANGUAGE_STANDARD = "gnu++14";
				CLANG_CXX_LIBRARY = "libc++";
				CLANG_ENABLE_MODULES = YES;
				CLANG_ENABLE_OBJC_ARC = YES;
				CLANG_ENABLE_OBJC_WEAK = YES;
				CLANG_WARN_BLOCK_CAPTURE_AUTORELEASING = YES;
				CLANG_WARN_BOOL_CONVERSION = YES;
				CLANG_WARN_COMMA = YES;
				CLANG_WARN_CONSTANT_CONVERSION = YES;
				CLANG_WARN_DEPRECATED_OBJC_IMPLEMENTATIONS = YES;
				CLANG_WARN_DIRECT_OBJC_ISA_USAGE = YES_ERROR;
				CLANG_WARN_DOCUMENTATION_COMMENTS = YES;
				CLANG_WARN_EMPTY_BODY = YES;
				CLANG_WARN_ENUM_CONVERSION = YES;
				CLANG_WARN_INFINITE_RECURSION = YES;
				CLANG_WARN_INT_CONVERSION = YES;
				CLANG_WARN_NON_LITERAL_NULL_CONVERSION = YES;
				CLANG_WARN_OBJC_IMPLICIT_RETAIN_SELF = YES;
				CLANG_WARN_OBJC_LITERAL_CONVERSION = YES;
				CLANG_WARN_OBJC_ROOT_CLASS = YES_ERROR;
				CLANG_WARN_QUOTED_INCLUDE_IN_FRAMEWORK_HEADER = YES;
				CLANG_WARN_RANGE_LOOP_ANALYSIS = YES;
				CLANG_WARN_STRICT_PROTOTYPES = YES;
				CLANG_WARN_SUSPICIOUS_MOVE = YES;
				CLANG_WARN_UNGUARDED_AVAILABILITY = YES_AGGRESSIVE;
				CLANG_WARN_UNREACHABLE_CODE = YES;
				CLANG_WARN__DUPLICATE_METHOD_MATCH = YES;
				COPY_PHASE_STRIP = NO;
				DEBUG_INFORMATION_FORMAT = dwarf;
				ENABLE_STRICT_OBJC_MSGSEND = YES;
				ENABLE_TESTABILITY = YES;
				GCC_C_LANGUAGE_STANDARD = gnu11;
				GCC_DYNAMIC_NO_PIC = NO;
				GCC_NO_COMMON_BLOCKS = YES;
				GCC_OPTIMIZATION_LEVEL = 0;
				GCC_PREPROCESSOR_DEFINITIONS = (
					"DEBUG=1",
					"$(inherited)",
				);
				GCC_WARN_64_TO_32_BIT_CONVERSION = YES;
				GCC_WARN_ABOUT_RETURN_TYPE = YES_ERROR;
				GCC_WARN_UNDECLARED_SELECTOR = YES;
				GCC_WARN_UNINITIALIZED_AUTOS = YES_AGGRESSIVE;
				GCC_WARN_UNUSED_FUNCTION = YES;
				GCC_WARN_UNUSED_VARIABLE = YES;
				IPHONEOS_DEPLOYMENT_TARGET = 9.0;
				MTL_ENABLE_DEBUG_INFO = INCLUDE_SOURCE;
				MTL_FAST_MATH = YES;
				ONLY_ACTIVE_ARCH = YES;
				SDKROOT = iphoneos;
			};
			name = Debug;
		};
		6331E42E27F48539001DFB95 /* Release */ = {
			isa = XCBuildConfiguration;
			baseConfigurationReference = 6331E43827F4877D001DFB95 /* config.xcconfig */;
			buildSettings = {
				ALWAYS_SEARCH_USER_PATHS = NO;
				CLANG_ANALYZER_NONNULL = YES;
				CLANG_ANALYZER_NUMBER_OBJECT_CONVERSION = YES_AGGRESSIVE;
				CLANG_CXX_LANGUAGE_STANDARD = "gnu++14";
				CLANG_CXX_LIBRARY = "libc++";
				CLANG_ENABLE_MODULES = YES;
				CLANG_ENABLE_OBJC_ARC = YES;
				CLANG_ENABLE_OBJC_WEAK = YES;
				CLANG_WARN_BLOCK_CAPTURE_AUTORELEASING = YES;
				CLANG_WARN_BOOL_CONVERSION = YES;
				CLANG_WARN_COMMA = YES;
				CLANG_WARN_CONSTANT_CONVERSION = YES;
				CLANG_WARN_DEPRECATED_OBJC_IMPLEMENTATIONS = YES;
				CLANG_WARN_DIRECT_OBJC_ISA_USAGE = YES_ERROR;
				CLANG_WARN_DOCUMENTATION_COMMENTS = YES;
				CLANG_WARN_EMPTY_BODY = YES;
				CLANG_WARN_ENUM_CONVERSION = YES;
				CLANG_WARN_INFINITE_RECURSION = YES;
				CLANG_WARN_INT_CONVERSION = YES;
				CLANG_WARN_NON_LITERAL_NULL_CONVERSION = YES;
				CLANG_WARN_OBJC_IMPLICIT_RETAIN_SELF = YES;
				CLANG_WARN_OBJC_LITERAL_CONVERSION = YES;
				CLANG_WARN_OBJC_ROOT_CLASS = YES_ERROR;
				CLANG_WARN_QUOTED_INCLUDE_IN_FRAMEWORK_HEADER = YES;
				CLANG_WARN_RANGE_LOOP_ANALYSIS = YES;
				CLANG_WARN_STRICT_PROTOTYPES = YES;
				CLANG_WARN_SUSPICIOUS_MOVE = YES;
				CLANG_WARN_UNGUARDED_AVAILABILITY = YES_AGGRESSIVE;
				CLANG_WARN_UNREACHABLE_CODE = YES;
				CLANG_WARN__DUPLICATE_METHOD_MATCH = YES;
				COPY_PHASE_STRIP = NO;
				DEBUG_INFORMATION_FORMAT = "dwarf-with-dsym";
				ENABLE_NS_ASSERTIONS = NO;
				ENABLE_STRICT_OBJC_MSGSEND = YES;
				GCC_C_LANGUAGE_STANDARD = gnu11;
				GCC_NO_COMMON_BLOCKS = YES;
				GCC_WARN_64_TO_32_BIT_CONVERSION = YES;
				GCC_WARN_ABOUT_RETURN_TYPE = YES_ERROR;
				GCC_WARN_UNDECLARED_SELECTOR = YES;
				GCC_WARN_UNINITIALIZED_AUTOS = YES_AGGRESSIVE;
				GCC_WARN_UNUSED_FUNCTION = YES;
				GCC_WARN_UNUSED_VARIABLE = YES;
				IPHONEOS_DEPLOYMENT_TARGET = 9.0;
				MTL_ENABLE_DEBUG_INFO = NO;
				MTL_FAST_MATH = YES;
				SDKROOT = iphoneos;
				VALIDATE_PRODUCT = YES;
			};
			name = Release;
		};
		6331E43027F48539001DFB95 /* Debug */ = {
			isa = XCBuildConfiguration;
			baseConfigurationReference = E1E7A4D514449470B397CECA /* Pods-xAPI.debug.xcconfig */;
			buildSettings = {
				ASSETCATALOG_COMPILER_APPICON_NAME = AppIcon;
				ASSETCATALOG_COMPILER_GLOBAL_ACCENT_COLOR_NAME = AccentColor;
				CODE_SIGN_STYLE = Automatic;
				DEVELOPMENT_TEAM = 938JT75Y9S;
				INFOPLIST_FILE = xAPI/Info.plist;
				IPHONEOS_DEPLOYMENT_TARGET = 9.0;
				LD_RUNPATH_SEARCH_PATHS = (
					"$(inherited)",
					"@executable_path/Frameworks",
				);
				PRODUCT_BUNDLE_IDENTIFIER = com.xapi.xAPI;
				PRODUCT_NAME = "$(TARGET_NAME)";
				TARGETED_DEVICE_FAMILY = 1;
			};
			name = Debug;
		};
		6331E43127F48539001DFB95 /* Release */ = {
			isa = XCBuildConfiguration;
			baseConfigurationReference = 865B400C5507695983FA27AF /* Pods-xAPI.release.xcconfig */;
			buildSettings = {
				ASSETCATALOG_COMPILER_APPICON_NAME = AppIcon;
				ASSETCATALOG_COMPILER_GLOBAL_ACCENT_COLOR_NAME = AccentColor;
				CODE_SIGN_STYLE = Automatic;
				DEVELOPMENT_TEAM = 938JT75Y9S;
				INFOPLIST_FILE = xAPI/Info.plist;
				IPHONEOS_DEPLOYMENT_TARGET = 9.0;
				LD_RUNPATH_SEARCH_PATHS = (
					"$(inherited)",
					"@executable_path/Frameworks",
				);
				PRODUCT_BUNDLE_IDENTIFIER = com.xapi.xAPI;
				PRODUCT_NAME = "$(TARGET_NAME)";
				TARGETED_DEVICE_FAMILY = 1;
			};
			name = Release;
		};
		6331E43327F48539001DFB95 /* Debug */ = {
			isa = XCBuildConfiguration;
			baseConfigurationReference = DE5FD015C28A3003F6F1E72B /* Pods-xAPITests.debug.xcconfig */;
			buildSettings = {
				BUNDLE_LOADER = "$(TEST_HOST)";
				CODE_SIGN_STYLE = Automatic;
				DEVELOPMENT_TEAM = 938JT75Y9S;
				INFOPLIST_FILE = xAPITests/Info.plist;
				IPHONEOS_DEPLOYMENT_TARGET = 14.5;
				LD_RUNPATH_SEARCH_PATHS = (
					"$(inherited)",
					"@executable_path/Frameworks",
					"@loader_path/Frameworks",
				);
				PRODUCT_BUNDLE_IDENTIFIER = com.xapi.xAPITests;
				PRODUCT_NAME = "$(TARGET_NAME)";
				TARGETED_DEVICE_FAMILY = "1,2";
				TEST_HOST = "$(BUILT_PRODUCTS_DIR)/xAPI.app/xAPI";
			};
			name = Debug;
		};
		6331E43427F48539001DFB95 /* Release */ = {
			isa = XCBuildConfiguration;
			baseConfigurationReference = 7AD158748734313C8F1986EE /* Pods-xAPITests.release.xcconfig */;
			buildSettings = {
				BUNDLE_LOADER = "$(TEST_HOST)";
				CODE_SIGN_STYLE = Automatic;
				DEVELOPMENT_TEAM = 938JT75Y9S;
				INFOPLIST_FILE = xAPITests/Info.plist;
				IPHONEOS_DEPLOYMENT_TARGET = 14.5;
				LD_RUNPATH_SEARCH_PATHS = (
					"$(inherited)",
					"@executable_path/Frameworks",
					"@loader_path/Frameworks",
				);
				PRODUCT_BUNDLE_IDENTIFIER = com.xapi.xAPITests;
				PRODUCT_NAME = "$(TARGET_NAME)";
				TARGETED_DEVICE_FAMILY = "1,2";
				TEST_HOST = "$(BUILT_PRODUCTS_DIR)/xAPI.app/xAPI";
			};
			name = Release;
		};
		6331E43627F48539001DFB95 /* Debug */ = {
			isa = XCBuildConfiguration;
			buildSettings = {
				CODE_SIGN_STYLE = Automatic;
				DEVELOPMENT_TEAM = 938JT75Y9S;
				INFOPLIST_FILE = xAPIUITests/Info.plist;
				LD_RUNPATH_SEARCH_PATHS = (
					"$(inherited)",
					"@executable_path/Frameworks",
					"@loader_path/Frameworks",
				);
				PRODUCT_BUNDLE_IDENTIFIER = com.xapi.xAPIUITests;
				PRODUCT_NAME = "$(TARGET_NAME)";
				TARGETED_DEVICE_FAMILY = "1,2";
				TEST_TARGET_NAME = xAPI;
			};
			name = Debug;
		};
		6331E43727F48539001DFB95 /* Release */ = {
			isa = XCBuildConfiguration;
			buildSettings = {
				CODE_SIGN_STYLE = Automatic;
				DEVELOPMENT_TEAM = 938JT75Y9S;
				INFOPLIST_FILE = xAPIUITests/Info.plist;
				LD_RUNPATH_SEARCH_PATHS = (
					"$(inherited)",
					"@executable_path/Frameworks",
					"@loader_path/Frameworks",
				);
				PRODUCT_BUNDLE_IDENTIFIER = com.xapi.xAPIUITests;
				PRODUCT_NAME = "$(TARGET_NAME)";
				TARGETED_DEVICE_FAMILY = "1,2";
				TEST_TARGET_NAME = xAPI;
			};
			name = Release;
		};
/* End XCBuildConfiguration section */

/* Begin XCConfigurationList section */
		6331E3FB27F48537001DFB95 /* Build configuration list for PBXProject "xAPI" */ = {
			isa = XCConfigurationList;
			buildConfigurations = (
				6331E42D27F48539001DFB95 /* Debug */,
				6331E42E27F48539001DFB95 /* Release */,
			);
			defaultConfigurationIsVisible = 0;
			defaultConfigurationName = Release;
		};
		6331E42F27F48539001DFB95 /* Build configuration list for PBXNativeTarget "xAPI" */ = {
			isa = XCConfigurationList;
			buildConfigurations = (
				6331E43027F48539001DFB95 /* Debug */,
				6331E43127F48539001DFB95 /* Release */,
			);
			defaultConfigurationIsVisible = 0;
			defaultConfigurationName = Release;
		};
		6331E43227F48539001DFB95 /* Build configuration list for PBXNativeTarget "xAPITests" */ = {
			isa = XCConfigurationList;
			buildConfigurations = (
				6331E43327F48539001DFB95 /* Debug */,
				6331E43427F48539001DFB95 /* Release */,
			);
			defaultConfigurationIsVisible = 0;
			defaultConfigurationName = Release;
		};
		6331E43527F48539001DFB95 /* Build configuration list for PBXNativeTarget "xAPIUITests" */ = {
			isa = XCConfigurationList;
			buildConfigurations = (
				6331E43627F48539001DFB95 /* Debug */,
				6331E43727F48539001DFB95 /* Release */,
			);
			defaultConfigurationIsVisible = 0;
			defaultConfigurationName = Release;
		};
/* End XCConfigurationList section */
	};
	rootObject = 6331E3F827F48537001DFB95 /* Project object */;
}
